[root]
name = "test"
version = "2.0.0-beta.2"
dependencies = [
  "dictionary 1.4.1 registry+vba-blocks#8034e569e4efcb7bdb1a0600c0aa2d857147b8be0ccbc6764af065d45e967e46",
]

[[packages]]
name = "dictionary"
version = "1.4.1"
source = "registry+vba-blocks#8034e569e4efcb7bdb1a0600c0aa2d857147b8be0ccbc6764af065d45e967e46"
dependencies = [
]

