# Auto-generated by vba-blocks 0.3.1
[metadata]
version = "1"

[root]
name = "test"
version = "2.0.0-beta.2"
dependencies = [
  "dictionary 1.4.1 registry+vba-blocks#sha256-b241062bcd7ffd68c9063e3980a5df4c6781df29d96763a020d291e52454f6a5",
]

[[packages]]
name = "dictionary"
version = "1.4.1"
source = "registry+vba-blocks#sha256-b241062bcd7ffd68c9063e3980a5df4c6781df29d96763a020d291e52454f6a5"
dependencies = [
]

